
Microsoft Visual Studio Solution File, Format Version 12.00
# Visual Studio Version 16
VisualStudioVersion = 16.0.33927.289
MinimumVisualStudioVersion = 10.0.40219.1
Project("{2150E333-8FDC-42A3-9474-1A3956D46DE8}") = "Task0", "Task0", "{C3A0613A-36AB-490D-8AD0-1014F31F3138}"
EndProject
Project("{FAE04EC0-301F-11D3-BF4B-00C04F79EFBC}") = "Tyuiu.DubrovinSN.Sprint2.Task0.V13", "Tyuiu.DubrovinSN.Sprint2.Task0.V13\Tyuiu.DubrovinSN.Sprint2.Task0.V13.csproj", "{65F5CEAC-5137-4466-9356-A35452A96E02}"
EndProject
Project("{FAE04EC0-301F-11D3-BF4B-00C04F79EFBC}") = "Tyuiu.DubrovinSN.Sprint2.Task0.V13.Lib", "Tyuiu.DubrovinSN.Sprint2.Task0.V13.Lib\Tyuiu.DubrovinSN.Sprint2.Task0.V13.Lib.csproj", "{CFCD63CD-68B8-457A-96FC-FD8AC4ADFFE8}"
EndProject
Project("{FAE04EC0-301F-11D3-BF4B-00C04F79EFBC}") = "Tyuiu.DubrovinSN.Sprint2.Task0.V13.Test", "Tyuiu.DubrovinSN.Sprint2.Task0.V13.Test\Tyuiu.DubrovinSN.Sprint2.Task0.V13.Test.csproj", "{197DCD08-AD37-426D-A30A-E4B65532E5E8}"
EndProject
Project("{2150E333-8FDC-42A3-9474-1A3956D46DE8}") = "Task1", "Task1", "{B97CE394-8F52-4D5F-AEED-310B7F2A7C45}"
EndProject
Project("{FAE04EC0-301F-11D3-BF4B-00C04F79EFBC}") = "Tyuiu.DubrovinSN.Sprint2.Task1.V26", "Tyuiu.DubrovinSN.Sprint2.Task1.V26\Tyuiu.DubrovinSN.Sprint2.Task1.V26.csproj", "{FC3A8610-D59F-447D-B5C0-7E20CBFC273C}"
EndProject
Project("{FAE04EC0-301F-11D3-BF4B-00C04F79EFBC}") = "Tyuiu.DubrovinSN.Sprint2.Task1.V26.Lib", "Tyuiu.DubrovinSN.Sprint2.Task1.V26.Lib\Tyuiu.DubrovinSN.Sprint2.Task1.V26.Lib.csproj", "{9B133B98-7807-4182-AAD4-845E95CD004B}"
EndProject
Project("{FAE04EC0-301F-11D3-BF4B-00C04F79EFBC}") = "Tyuiu.DubrovinSN.Sprint2.Task1.V26.Test", "Tyuiu.DubrovinSN.Sprint2.Task1.V26.Test\Tyuiu.DubrovinSN.Sprint2.Task1.V26.Test.csproj", "{4DF602ED-D4B4-48B8-A4A4-82A58362BB92}"
EndProject
Project("{2150E333-8FDC-42A3-9474-1A3956D46DE8}") = "Task2", "Task2", "{794C85F7-EC4C-4195-BD2B-4915A5FA7403}"
EndProject
Project("{FAE04EC0-301F-11D3-BF4B-00C04F79EFBC}") = "Tyuiu.DubrovinSN.Sprint2.Task2.V7", "Tyuiu.DubrovinSN.Sprint2.Task2.V7\Tyuiu.DubrovinSN.Sprint2.Task2.V7.csproj", "{F7D07577-1CCC-46B3-B621-27738110077D}"
EndProject
Project("{FAE04EC0-301F-11D3-BF4B-00C04F79EFBC}") = "Tyuiu.DubrovinSN.Sprint2.Task2.V7.Lib", "Tyuiu.DubrovinSN.Sprint2.Task2.V7.Lib\Tyuiu.DubrovinSN.Sprint2.Task2.V7.Lib.csproj", "{46FAA73F-CCEC-4028-B9DD-3A38C1E33FB3}"
EndProject
Project("{FAE04EC0-301F-11D3-BF4B-00C04F79EFBC}") = "Tyuiu.DubrovinSN.Sprint2.Task2.V7.Test", "Tyuiu.DubrovinSN.Sprint2.Task2.V7.Test\Tyuiu.DubrovinSN.Sprint2.Task2.V7.Test.csproj", "{C6FCF4C2-7882-4859-AD92-9B52DD502EC1}"
EndProject
Project("{2150E333-8FDC-42A3-9474-1A3956D46DE8}") = "Task3", "Task3", "{5E089DB0-E240-43C6-94AB-6847C94282C0}"
EndProject
Project("{FAE04EC0-301F-11D3-BF4B-00C04F79EFBC}") = "Tyuiu.DubrovinSN.Sprint2.Task3.V15", "Tyuiu.DubrovinSN.Sprint2.Task3.V15\Tyuiu.DubrovinSN.Sprint2.Task3.V15.csproj", "{32EFD28B-CC3D-4B21-8AF5-CBB2B897727B}"
EndProject
Project("{FAE04EC0-301F-11D3-BF4B-00C04F79EFBC}") = "Tyuiu.DubrovinSN.Sprint2.Task3.V15.Lib", "Tyuiu.DubrovinSN.Sprint2.Task3.V15.Lib\Tyuiu.DubrovinSN.Sprint2.Task3.V15.Lib.csproj", "{D0929934-FD84-4228-8C1A-52564DA0A0E0}"
EndProject
Project("{FAE04EC0-301F-11D3-BF4B-00C04F79EFBC}") = "Tyuiu.DubrovinSN.Sprint2.Task3.V15.Test", "Tyuiu.DubrovinSN.Sprint2.Task3.V15.Test\Tyuiu.DubrovinSN.Sprint2.Task3.V15.Test.csproj", "{2EA01D64-4639-4AB7-A7CC-0C77F8E30DE2}"
EndProject
Global
	GlobalSection(SolutionConfigurationPlatforms) = preSolution
		Debug|Any CPU = Debug|Any CPU
		Release|Any CPU = Release|Any CPU
	EndGlobalSection
	GlobalSection(ProjectConfigurationPlatforms) = postSolution
		{65F5CEAC-5137-4466-9356-A35452A96E02}.Debug|Any CPU.ActiveCfg = Debug|Any CPU
		{65F5CEAC-5137-4466-9356-A35452A96E02}.Debug|Any CPU.Build.0 = Debug|Any CPU
		{65F5CEAC-5137-4466-9356-A35452A96E02}.Release|Any CPU.ActiveCfg = Release|Any CPU
		{65F5CEAC-5137-4466-9356-A35452A96E02}.Release|Any CPU.Build.0 = Release|Any CPU
		{CFCD63CD-68B8-457A-96FC-FD8AC4ADFFE8}.Debug|Any CPU.ActiveCfg = Debug|Any CPU
		{CFCD63CD-68B8-457A-96FC-FD8AC4ADFFE8}.Debug|Any CPU.Build.0 = Debug|Any CPU
		{CFCD63CD-68B8-457A-96FC-FD8AC4ADFFE8}.Release|Any CPU.ActiveCfg = Release|Any CPU
		{CFCD63CD-68B8-457A-96FC-FD8AC4ADFFE8}.Release|Any CPU.Build.0 = Release|Any CPU
		{197DCD08-AD37-426D-A30A-E4B65532E5E8}.Debug|Any CPU.ActiveCfg = Debug|Any CPU
		{197DCD08-AD37-426D-A30A-E4B65532E5E8}.Debug|Any CPU.Build.0 = Debug|Any CPU
		{197DCD08-AD37-426D-A30A-E4B65532E5E8}.Release|Any CPU.ActiveCfg = Release|Any CPU
		{197DCD08-AD37-426D-A30A-E4B65532E5E8}.Release|Any CPU.Build.0 = Release|Any CPU
		{FC3A8610-D59F-447D-B5C0-7E20CBFC273C}.Debug|Any CPU.ActiveCfg = Debug|Any CPU
		{FC3A8610-D59F-447D-B5C0-7E20CBFC273C}.Debug|Any CPU.Build.0 = Debug|Any CPU
		{FC3A8610-D59F-447D-B5C0-7E20CBFC273C}.Release|Any CPU.ActiveCfg = Release|Any CPU
		{FC3A8610-D59F-447D-B5C0-7E20CBFC273C}.Release|Any CPU.Build.0 = Release|Any CPU
		{9B133B98-7807-4182-AAD4-845E95CD004B}.Debug|Any CPU.ActiveCfg = Debug|Any CPU
		{9B133B98-7807-4182-AAD4-845E95CD004B}.Debug|Any CPU.Build.0 = Debug|Any CPU
		{9B133B98-7807-4182-AAD4-845E95CD004B}.Release|Any CPU.ActiveCfg = Release|Any CPU
		{9B133B98-7807-4182-AAD4-845E95CD004B}.Release|Any CPU.Build.0 = Release|Any CPU
		{4DF602ED-D4B4-48B8-A4A4-82A58362BB92}.Debug|Any CPU.ActiveCfg = Debug|Any CPU
		{4DF602ED-D4B4-48B8-A4A4-82A58362BB92}.Debug|Any CPU.Build.0 = Debug|Any CPU
		{4DF602ED-D4B4-48B8-A4A4-82A58362BB92}.Release|Any CPU.ActiveCfg = Release|Any CPU
		{4DF602ED-D4B4-48B8-A4A4-82A58362BB92}.Release|Any CPU.Build.0 = Release|Any CPU
		{F7D07577-1CCC-46B3-B621-27738110077D}.Debug|Any CPU.ActiveCfg = Debug|Any CPU
		{F7D07577-1CCC-46B3-B621-27738110077D}.Debug|Any CPU.Build.0 = Debug|Any CPU
		{F7D07577-1CCC-46B3-B621-27738110077D}.Release|Any CPU.ActiveCfg = Release|Any CPU
		{F7D07577-1CCC-46B3-B621-27738110077D}.Release|Any CPU.Build.0 = Release|Any CPU
		{46FAA73F-CCEC-4028-B9DD-3A38C1E33FB3}.Debug|Any CPU.ActiveCfg = Debug|Any CPU
		{46FAA73F-CCEC-4028-B9DD-3A38C1E33FB3}.Debug|Any CPU.Build.0 = Debug|Any CPU
		{46FAA73F-CCEC-4028-B9DD-3A38C1E33FB3}.Release|Any CPU.ActiveCfg = Release|Any CPU
		{46FAA73F-CCEC-4028-B9DD-3A38C1E33FB3}.Release|Any CPU.Build.0 = Release|Any CPU
		{C6FCF4C2-7882-4859-AD92-9B52DD502EC1}.Debug|Any CPU.ActiveCfg = Debug|Any CPU
		{C6FCF4C2-7882-4859-AD92-9B52DD502EC1}.Debug|Any CPU.Build.0 = Debug|Any CPU
		{C6FCF4C2-7882-4859-AD92-9B52DD502EC1}.Release|Any CPU.ActiveCfg = Release|Any CPU
		{C6FCF4C2-7882-4859-AD92-9B52DD502EC1}.Release|Any CPU.Build.0 = Release|Any CPU
		{32EFD28B-CC3D-4B21-8AF5-CBB2B897727B}.Debug|Any CPU.ActiveCfg = Debug|Any CPU
		{32EFD28B-CC3D-4B21-8AF5-CBB2B897727B}.Debug|Any CPU.Build.0 = Debug|Any CPU
		{32EFD28B-CC3D-4B21-8AF5-CBB2B897727B}.Release|Any CPU.ActiveCfg = Release|Any CPU
		{32EFD28B-CC3D-4B21-8AF5-CBB2B897727B}.Release|Any CPU.Build.0 = Release|Any CPU
		{D0929934-FD84-4228-8C1A-52564DA0A0E0}.Debug|Any CPU.ActiveCfg = Debug|Any CPU
		{D0929934-FD84-4228-8C1A-52564DA0A0E0}.Debug|Any CPU.Build.0 = Debug|Any CPU
		{D0929934-FD84-4228-8C1A-52564DA0A0E0}.Release|Any CPU.ActiveCfg = Release|Any CPU
		{D0929934-FD84-4228-8C1A-52564DA0A0E0}.Release|Any CPU.Build.0 = Release|Any CPU
		{2EA01D64-4639-4AB7-A7CC-0C77F8E30DE2}.Debug|Any CPU.ActiveCfg = Debug|Any CPU
		{2EA01D64-4639-4AB7-A7CC-0C77F8E30DE2}.Debug|Any CPU.Build.0 = Debug|Any CPU
		{2EA01D64-4639-4AB7-A7CC-0C77F8E30DE2}.Release|Any CPU.ActiveCfg = Release|Any CPU
		{2EA01D64-4639-4AB7-A7CC-0C77F8E30DE2}.Release|Any CPU.Build.0 = Release|Any CPU
	EndGlobalSection
	GlobalSection(SolutionProperties) = preSolution
		HideSolutionNode = FALSE
	EndGlobalSection
	GlobalSection(NestedProjects) = preSolution
		{65F5CEAC-5137-4466-9356-A35452A96E02} = {C3A0613A-36AB-490D-8AD0-1014F31F3138}
		{CFCD63CD-68B8-457A-96FC-FD8AC4ADFFE8} = {C3A0613A-36AB-490D-8AD0-1014F31F3138}
		{197DCD08-AD37-426D-A30A-E4B65532E5E8} = {C3A0613A-36AB-490D-8AD0-1014F31F3138}
		{FC3A8610-D59F-447D-B5C0-7E20CBFC273C} = {B97CE394-8F52-4D5F-AEED-310B7F2A7C45}
		{9B133B98-7807-4182-AAD4-845E95CD004B} = {B97CE394-8F52-4D5F-AEED-310B7F2A7C45}
		{4DF602ED-D4B4-48B8-A4A4-82A58362BB92} = {B97CE394-8F52-4D5F-AEED-310B7F2A7C45}
		{F7D07577-1CCC-46B3-B621-27738110077D} = {794C85F7-EC4C-4195-BD2B-4915A5FA7403}
		{46FAA73F-CCEC-4028-B9DD-3A38C1E33FB3} = {794C85F7-EC4C-4195-BD2B-4915A5FA7403}
		{C6FCF4C2-7882-4859-AD92-9B52DD502EC1} = {794C85F7-EC4C-4195-BD2B-4915A5FA7403}
		{32EFD28B-CC3D-4B21-8AF5-CBB2B897727B} = {5E089DB0-E240-43C6-94AB-6847C94282C0}
		{D0929934-FD84-4228-8C1A-52564DA0A0E0} = {5E089DB0-E240-43C6-94AB-6847C94282C0}
		{2EA01D64-4639-4AB7-A7CC-0C77F8E30DE2} = {5E089DB0-E240-43C6-94AB-6847C94282C0}
	EndGlobalSection
	GlobalSection(ExtensibilityGlobals) = postSolution
		SolutionGuid = {4071B967-0286-41DC-9B19-859F7CD6CD43}
	EndGlobalSection
EndGlobal
